// !$*UTF8*$!
{
	archiveVersion = 1;
	classes = {
	};
	objectVersion = 48;
	objects = {

/* Begin PBXBuildFile section */
		6711519A2255D0870093712D /* NSBezierPath+quartz.m in Sources */ = {isa = PBXBuildFile; fileRef = BC6B63131FBAF302002AD625 /* NSBezierPath+quartz.m */; };
		671151AC22560D4E0093712D /* j05457zkium.m701.mp4 in Resources */ = {isa = PBXBuildFile; fileRef = 671151AA22560D4E0093712D /* j05457zkium.m701.mp4 */; };
		677C1EB0225CB34200143CB5 /* NSColor+hex.h in Headers */ = {isa = PBXBuildFile; fileRef = 677C1EAE225CB34200143CB5 /* NSColor+hex.h */; };
		677C1EB1225CB34200143CB5 /* NSColor+hex.m in Sources */ = {isa = PBXBuildFile; fileRef = 677C1EAF225CB34200143CB5 /* NSColor+hex.m */; };
		677C1EB3225CB9E300143CB5 /* NSColor+hex.m in Sources */ = {isa = PBXBuildFile; fileRef = 677C1EAF225CB34200143CB5 /* NSColor+hex.m */; };
		677C1EBF225CDE5500143CB5 /* NSImage+addition.h in Headers */ = {isa = PBXBuildFile; fileRef = 677C1EBD225CDE5500143CB5 /* NSImage+addition.h */; };
		677C1EC0225CDE5500143CB5 /* NSImage+addition.m in Sources */ = {isa = PBXBuildFile; fileRef = 677C1EBE225CDE5500143CB5 /* NSImage+addition.m */; };
		677C1EC1225CDF0F00143CB5 /* NSImage+addition.m in Sources */ = {isa = PBXBuildFile; fileRef = 677C1EBE225CDE5500143CB5 /* NSImage+addition.m */; };
		677C1EC7225DB62800143CB5 /* Info.plist in Resources */ = {isa = PBXBuildFile; fileRef = BC6B62B41FB9BFD5002AD625 /* Info.plist */; };
		677C1ECB225DC0BE00143CB5 /* Configuration.h in Headers */ = {isa = PBXBuildFile; fileRef = 677C1EA9225C7CE600143CB5 /* Configuration.h */; };
		677C1ECC225DC0C100143CB5 /* Configuration.m in Sources */ = {isa = PBXBuildFile; fileRef = 677C1EAA225C7CE600143CB5 /* Configuration.m */; };
		677C1ECD225DC0C200143CB5 /* Configuration.m in Sources */ = {isa = PBXBuildFile; fileRef = 677C1EAA225C7CE600143CB5 /* Configuration.m */; };
		677C1ECE225DC1FD00143CB5 /* Preferences.m in Sources */ = {isa = PBXBuildFile; fileRef = 671151962255CFA30093712D /* Preferences.m */; };
		677C1ECF225DC1FE00143CB5 /* Preferences.m in Sources */ = {isa = PBXBuildFile; fileRef = 671151962255CFA30093712D /* Preferences.m */; };
		677C1ED0225DC20100143CB5 /* Preferences.h in Headers */ = {isa = PBXBuildFile; fileRef = 671151952255CFA30093712D /* Preferences.h */; };
		677C1ED3225DD19800143CB5 /* StarView.h in Headers */ = {isa = PBXBuildFile; fileRef = 677C1ED1225DD19800143CB5 /* StarView.h */; };
		677C1ED4225DD19800143CB5 /* StarView.m in Sources */ = {isa = PBXBuildFile; fileRef = 677C1ED2225DD19800143CB5 /* StarView.m */; };
		677C1ED5225DD70900143CB5 /* StarView.m in Sources */ = {isa = PBXBuildFile; fileRef = 677C1ED2225DD19800143CB5 /* StarView.m */; };
		67F48F06225E2977006C683E /* star.png in Resources */ = {isa = PBXBuildFile; fileRef = 67F48EFA225E2977006C683E /* star.png */; };
		67F48F07225E2977006C683E /* spark_red.png in Resources */ = {isa = PBXBuildFile; fileRef = 67F48EFB225E2977006C683E /* spark_red.png */; };
		67F48F08225E2977006C683E /* TwinkleImage.png in Resources */ = {isa = PBXBuildFile; fileRef = 67F48EFC225E2977006C683E /* TwinkleImage.png */; };
		67F48F09225E2977006C683E /* bgAnimationStar.png in Resources */ = {isa = PBXBuildFile; fileRef = 67F48EFD225E2977006C683E /* bgAnimationStar.png */; };
		67F48F0A225E2977006C683E /* spark_blue.png in Resources */ = {isa = PBXBuildFile; fileRef = 67F48EFE225E2977006C683E /* spark_blue.png */; };
		67F48F0B225E2977006C683E /* spark_cyan.png in Resources */ = {isa = PBXBuildFile; fileRef = 67F48EFF225E2977006C683E /* spark_cyan.png */; };
		67F48F0C225E2977006C683E /* spark_magenta.png in Resources */ = {isa = PBXBuildFile; fileRef = 67F48F00225E2977006C683E /* spark_magenta.png */; };
		67F48F0D225E2977006C683E /* spark_yellow.png in Resources */ = {isa = PBXBuildFile; fileRef = 67F48F01225E2977006C683E /* spark_yellow.png */; };
		67F48F0E225E2977006C683E /* cycle1.png in Resources */ = {isa = PBXBuildFile; fileRef = 67F48F02225E2977006C683E /* cycle1.png */; };
		67F48F0F225E2977006C683E /* spark_green.png in Resources */ = {isa = PBXBuildFile; fileRef = 67F48F03225E2977006C683E /* spark_green.png */; };
		67F48F10225E2977006C683E /* bgAnimationStar1.png in Resources */ = {isa = PBXBuildFile; fileRef = 67F48F04225E2977006C683E /* bgAnimationStar1.png */; };
		67F48F11225E2977006C683E /* spark.png in Resources */ = {isa = PBXBuildFile; fileRef = 67F48F05225E2977006C683E /* spark.png */; };
		67F48F13225EFDFC006C683E /* FZXZTFW.TTF in Resources */ = {isa = PBXBuildFile; fileRef = 67F48F12225EFDFC006C683E /* FZXZTFW.TTF */; };
		BC6B62F01FB9C2D7002AD625 /* Sundial.m in Sources */ = {isa = PBXBuildFile; fileRef = BC6B62EE1FB9C2D7002AD625 /* Sundial.m */; };
		BC6B62FB1FBA94E0002AD625 /* AppDelegate.m in Sources */ = {isa = PBXBuildFile; fileRef = BC6B62FA1FBA94E0002AD625 /* AppDelegate.m */; };
		BC6B62FE1FBA94E0002AD625 /* ViewController.m in Sources */ = {isa = PBXBuildFile; fileRef = BC6B62FD1FBA94E0002AD625 /* ViewController.m */; };
		BC6B63001FBA94E0002AD625 /* Assets.xcassets in Resources */ = {isa = PBXBuildFile; fileRef = BC6B62FF1FBA94E0002AD625 /* Assets.xcassets */; };
		BC6B63031FBA94E0002AD625 /* Main.storyboard in Resources */ = {isa = PBXBuildFile; fileRef = BC6B63011FBA94E0002AD625 /* Main.storyboard */; };
		BC6B63061FBA94E0002AD625 /* main.m in Sources */ = {isa = PBXBuildFile; fileRef = BC6B63051FBA94E0002AD625 /* main.m */; };
		BC6B630D1FBAA5E0002AD625 /* DialView.h in Headers */ = {isa = PBXBuildFile; fileRef = BC6B630B1FBAA5E0002AD625 /* DialView.h */; };
		BC6B630E1FBAA5E0002AD625 /* DialView.m in Sources */ = {isa = PBXBuildFile; fileRef = BC6B630C1FBAA5E0002AD625 /* DialView.m */; };
		BC6B63141FBAF302002AD625 /* NSBezierPath+quartz.h in Headers */ = {isa = PBXBuildFile; fileRef = BC6B63121FBAF302002AD625 /* NSBezierPath+quartz.h */; };
		BC6B63151FBAF302002AD625 /* NSBezierPath+quartz.m in Sources */ = {isa = PBXBuildFile; fileRef = BC6B63131FBAF302002AD625 /* NSBezierPath+quartz.m */; };
		BC6B63181FBB099D002AD625 /* ScreenSaver.framework in Frameworks */ = {isa = PBXBuildFile; fileRef = BC6B63171FBB0994002AD625 /* ScreenSaver.framework */; };
		BC6B631A1FBB09C1002AD625 /* Quartz.framework in Frameworks */ = {isa = PBXBuildFile; fileRef = BC6B63191FBB09BE002AD625 /* Quartz.framework */; };
		BC6B631D1FBB0B61002AD625 /* Sundial.h in Headers */ = {isa = PBXBuildFile; fileRef = BC6B62ED1FB9C2D7002AD625 /* Sundial.h */; settings = {ATTRIBUTES = (Public, ); }; };
		BC6B63251FBB2EB3002AD625 /* DialView.m in Sources */ = {isa = PBXBuildFile; fileRef = BC6B630C1FBAA5E0002AD625 /* DialView.m */; };
		BC6B632B1FBB4E3E002AD625 /* Sundial.m in Sources */ = {isa = PBXBuildFile; fileRef = BC6B62EE1FB9C2D7002AD625 /* Sundial.m */; };
		BC8486221FBD65EF0023ED62 /* example.png in Resources */ = {isa = PBXBuildFile; fileRef = BC8486211FBD65EF0023ED62 /* example.png */; };
/* End PBXBuildFile section */

/* Begin PBXContainerItemProxy section */
		BC6B631B1FBB0A21002AD625 /* PBXContainerItemProxy */ = {
			isa = PBXContainerItemProxy;
			containerPortal = BC6B62A41FB9BFD5002AD625 /* Project object */;
			proxyType = 1;
			remoteGlobalIDString = BC6B62AC1FB9BFD5002AD625;
			remoteInfo = Clock;
		};
/* End PBXContainerItemProxy section */

/* Begin PBXFileReference section */
		671151952255CFA30093712D /* Preferences.h */ = {isa = PBXFileReference; lastKnownFileType = sourcecode.c.h; path = Preferences.h; sourceTree = "<group>"; };
		671151962255CFA30093712D /* Preferences.m */ = {isa = PBXFileReference; lastKnownFileType = sourcecode.c.objc; path = Preferences.m; sourceTree = "<group>"; };
		671151AA22560D4E0093712D /* j05457zkium.m701.mp4 */ = {isa = PBXFileReference; lastKnownFileType = file; path = j05457zkium.m701.mp4; sourceTree = "<group>"; };
		677C1EA9225C7CE600143CB5 /* Configuration.h */ = {isa = PBXFileReference; lastKnownFileType = sourcecode.c.h; path = Configuration.h; sourceTree = "<group>"; };
		677C1EAA225C7CE600143CB5 /* Configuration.m */ = {isa = PBXFileReference; lastKnownFileType = sourcecode.c.objc; path = Configuration.m; sourceTree = "<group>"; };
		677C1EAE225CB34200143CB5 /* NSColor+hex.h */ = {isa = PBXFileReference; lastKnownFileType = sourcecode.c.h; path = "NSColor+hex.h"; sourceTree = "<group>"; };
		677C1EAF225CB34200143CB5 /* NSColor+hex.m */ = {isa = PBXFileReference; lastKnownFileType = sourcecode.c.objc; path = "NSColor+hex.m"; sourceTree = "<group>"; };
		677C1EBD225CDE5500143CB5 /* NSImage+addition.h */ = {isa = PBXFileReference; lastKnownFileType = sourcecode.c.h; path = "NSImage+addition.h"; sourceTree = "<group>"; };
		677C1EBE225CDE5500143CB5 /* NSImage+addition.m */ = {isa = PBXFileReference; lastKnownFileType = sourcecode.c.objc; path = "NSImage+addition.m"; sourceTree = "<group>"; };
		677C1ED1225DD19800143CB5 /* StarView.h */ = {isa = PBXFileReference; lastKnownFileType = sourcecode.c.h; path = StarView.h; sourceTree = "<group>"; };
		677C1ED2225DD19800143CB5 /* StarView.m */ = {isa = PBXFileReference; lastKnownFileType = sourcecode.c.objc; path = StarView.m; sourceTree = "<group>"; };
		67F48EFA225E2977006C683E /* star.png */ = {isa = PBXFileReference; lastKnownFileType = image.png; path = star.png; sourceTree = "<group>"; };
		67F48EFB225E2977006C683E /* spark_red.png */ = {isa = PBXFileReference; lastKnownFileType = image.png; path = spark_red.png; sourceTree = "<group>"; };
		67F48EFC225E2977006C683E /* TwinkleImage.png */ = {isa = PBXFileReference; lastKnownFileType = image.png; path = TwinkleImage.png; sourceTree = "<group>"; };
		67F48EFD225E2977006C683E /* bgAnimationStar.png */ = {isa = PBXFileReference; lastKnownFileType = image.png; path = bgAnimationStar.png; sourceTree = "<group>"; };
		67F48EFE225E2977006C683E /* spark_blue.png */ = {isa = PBXFileReference; lastKnownFileType = image.png; path = spark_blue.png; sourceTree = "<group>"; };
		67F48EFF225E2977006C683E /* spark_cyan.png */ = {isa = PBXFileReference; lastKnownFileType = image.png; path = spark_cyan.png; sourceTree = "<group>"; };
		67F48F00225E2977006C683E /* spark_magenta.png */ = {isa = PBXFileReference; lastKnownFileType = image.png; path = spark_magenta.png; sourceTree = "<group>"; };
		67F48F01225E2977006C683E /* spark_yellow.png */ = {isa = PBXFileReference; lastKnownFileType = image.png; path = spark_yellow.png; sourceTree = "<group>"; };
		67F48F02225E2977006C683E /* cycle1.png */ = {isa = PBXFileReference; lastKnownFileType = image.png; path = cycle1.png; sourceTree = "<group>"; };
		67F48F03225E2977006C683E /* spark_green.png */ = {isa = PBXFileReference; lastKnownFileType = image.png; path = spark_green.png; sourceTree = "<group>"; };
		67F48F04225E2977006C683E /* bgAnimationStar1.png */ = {isa = PBXFileReference; lastKnownFileType = image.png; path = bgAnimationStar1.png; sourceTree = "<group>"; };
		67F48F05225E2977006C683E /* spark.png */ = {isa = PBXFileReference; lastKnownFileType = image.png; path = spark.png; sourceTree = "<group>"; };
		67F48F12225EFDFC006C683E /* FZXZTFW.TTF */ = {isa = PBXFileReference; lastKnownFileType = file; path = FZXZTFW.TTF; sourceTree = "<group>"; };
		BC6B62AD1FB9BFD5002AD625 /* Sundial.saver */ = {isa = PBXFileReference; explicitFileType = wrapper.cfbundle; includeInIndex = 0; path = Sundial.saver; sourceTree = BUILT_PRODUCTS_DIR; };
		BC6B62B41FB9BFD5002AD625 /* Info.plist */ = {isa = PBXFileReference; lastKnownFileType = text.plist.xml; path = Info.plist; sourceTree = "<group>"; };
		BC6B62ED1FB9C2D7002AD625 /* Sundial.h */ = {isa = PBXFileReference; fileEncoding = 4; lastKnownFileType = sourcecode.c.h; path = Sundial.h; sourceTree = "<group>"; };
		BC6B62EE1FB9C2D7002AD625 /* Sundial.m */ = {isa = PBXFileReference; fileEncoding = 4; lastKnownFileType = sourcecode.c.objc; path = Sundial.m; sourceTree = "<group>"; };
		BC6B62F71FBA94E0002AD625 /* Example.app */ = {isa = PBXFileReference; explicitFileType = wrapper.application; includeInIndex = 0; path = Example.app; sourceTree = BUILT_PRODUCTS_DIR; };
		BC6B62F91FBA94E0002AD625 /* AppDelegate.h */ = {isa = PBXFileReference; lastKnownFileType = sourcecode.c.h; path = AppDelegate.h; sourceTree = "<group>"; };
		BC6B62FA1FBA94E0002AD625 /* AppDelegate.m */ = {isa = PBXFileReference; lastKnownFileType = sourcecode.c.objc; path = AppDelegate.m; sourceTree = "<group>"; };
		BC6B62FC1FBA94E0002AD625 /* ViewController.h */ = {isa = PBXFileReference; lastKnownFileType = sourcecode.c.h; path = ViewController.h; sourceTree = "<group>"; };
		BC6B62FD1FBA94E0002AD625 /* ViewController.m */ = {isa = PBXFileReference; lastKnownFileType = sourcecode.c.objc; path = ViewController.m; sourceTree = "<group>"; };
		BC6B62FF1FBA94E0002AD625 /* Assets.xcassets */ = {isa = PBXFileReference; lastKnownFileType = folder.assetcatalog; path = Assets.xcassets; sourceTree = "<group>"; };
		BC6B63021FBA94E0002AD625 /* Base */ = {isa = PBXFileReference; lastKnownFileType = file.storyboard; name = Base; path = Base.lproj/Main.storyboard; sourceTree = "<group>"; };
		BC6B63041FBA94E0002AD625 /* Info.plist */ = {isa = PBXFileReference; lastKnownFileType = text.plist.xml; path = Info.plist; sourceTree = "<group>"; };
		BC6B63051FBA94E0002AD625 /* main.m */ = {isa = PBXFileReference; lastKnownFileType = sourcecode.c.objc; path = main.m; sourceTree = "<group>"; };
		BC6B63071FBA94E0002AD625 /* Example.entitlements */ = {isa = PBXFileReference; lastKnownFileType = text.plist.entitlements; path = Example.entitlements; sourceTree = "<group>"; };
		BC6B630B1FBAA5E0002AD625 /* DialView.h */ = {isa = PBXFileReference; lastKnownFileType = sourcecode.c.h; path = DialView.h; sourceTree = "<group>"; };
		BC6B630C1FBAA5E0002AD625 /* DialView.m */ = {isa = PBXFileReference; lastKnownFileType = sourcecode.c.objc; path = DialView.m; sourceTree = "<group>"; };
		BC6B63121FBAF302002AD625 /* NSBezierPath+quartz.h */ = {isa = PBXFileReference; lastKnownFileType = sourcecode.c.h; path = "NSBezierPath+quartz.h"; sourceTree = "<group>"; };
		BC6B63131FBAF302002AD625 /* NSBezierPath+quartz.m */ = {isa = PBXFileReference; lastKnownFileType = sourcecode.c.objc; path = "NSBezierPath+quartz.m"; sourceTree = "<group>"; };
		BC6B63171FBB0994002AD625 /* ScreenSaver.framework */ = {isa = PBXFileReference; lastKnownFileType = wrapper.framework; name = ScreenSaver.framework; path = System/Library/Frameworks/ScreenSaver.framework; sourceTree = SDKROOT; };
		BC6B63191FBB09BE002AD625 /* Quartz.framework */ = {isa = PBXFileReference; lastKnownFileType = wrapper.framework; name = Quartz.framework; path = System/Library/Frameworks/Quartz.framework; sourceTree = SDKROOT; };
		BC8486211FBD65EF0023ED62 /* example.png */ = {isa = PBXFileReference; lastKnownFileType = image.png; path = example.png; sourceTree = "<group>"; };
/* End PBXFileReference section */

/* Begin PBXFrameworksBuildPhase section */
		BC6B62A91FB9BFD5002AD625 /* Frameworks */ = {
			isa = PBXFrameworksBuildPhase;
			buildActionMask = 2147483647;
			files = (
				BC6B63181FBB099D002AD625 /* ScreenSaver.framework in Frameworks */,
				BC6B631A1FBB09C1002AD625 /* Quartz.framework in Frameworks */,
			);
			runOnlyForDeploymentPostprocessing = 0;
		};
		BC6B62F41FBA94E0002AD625 /* Frameworks */ = {
			isa = PBXFrameworksBuildPhase;
			buildActionMask = 2147483647;
			files = (
			);
			runOnlyForDeploymentPostprocessing = 0;
		};
/* End PBXFrameworksBuildPhase section */

/* Begin PBXGroup section */
		67F48EF9225E290C006C683E /* resource */ = {
			isa = PBXGroup;
			children = (
				67F48F12225EFDFC006C683E /* FZXZTFW.TTF */,
				67F48EFD225E2977006C683E /* bgAnimationStar.png */,
				67F48F04225E2977006C683E /* bgAnimationStar1.png */,
				67F48F02225E2977006C683E /* cycle1.png */,
				67F48EFE225E2977006C683E /* spark_blue.png */,
				67F48EFF225E2977006C683E /* spark_cyan.png */,
				67F48F03225E2977006C683E /* spark_green.png */,
				67F48F00225E2977006C683E /* spark_magenta.png */,
				67F48EFB225E2977006C683E /* spark_red.png */,
				67F48F01225E2977006C683E /* spark_yellow.png */,
				67F48F05225E2977006C683E /* spark.png */,
				67F48EFA225E2977006C683E /* star.png */,
				67F48EFC225E2977006C683E /* TwinkleImage.png */,
			);
			path = resource;
			sourceTree = "<group>";
		};
		BC6B62A31FB9BFD5002AD625 = {
			isa = PBXGroup;
			children = (
				BC6B62AF1FB9BFD5002AD625 /* Sundial */,
				BC6B62F81FBA94E0002AD625 /* Example */,
				BC6B62AE1FB9BFD5002AD625 /* Products */,
				BC6B63161FBB0994002AD625 /* Frameworks */,
			);
			sourceTree = "<group>";
		};
		BC6B62AE1FB9BFD5002AD625 /* Products */ = {
			isa = PBXGroup;
			children = (
				BC6B62AD1FB9BFD5002AD625 /* Sundial.saver */,
				BC6B62F71FBA94E0002AD625 /* Example.app */,
			);
			name = Products;
			sourceTree = "<group>";
		};
		BC6B62AF1FB9BFD5002AD625 /* Sundial */ = {
			isa = PBXGroup;
			children = (
				67F48EF9225E290C006C683E /* resource */,
				BC6B62ED1FB9C2D7002AD625 /* Sundial.h */,
				BC6B62EE1FB9C2D7002AD625 /* Sundial.m */,
				BC6B62B41FB9BFD5002AD625 /* Info.plist */,
				BC6B630B1FBAA5E0002AD625 /* DialView.h */,
				BC6B630C1FBAA5E0002AD625 /* DialView.m */,
				BC6B63121FBAF302002AD625 /* NSBezierPath+quartz.h */,
				BC6B63131FBAF302002AD625 /* NSBezierPath+quartz.m */,
				671151952255CFA30093712D /* Preferences.h */,
				671151962255CFA30093712D /* Preferences.m */,
				677C1EA9225C7CE600143CB5 /* Configuration.h */,
				677C1EAA225C7CE600143CB5 /* Configuration.m */,
				677C1EAE225CB34200143CB5 /* NSColor+hex.h */,
				677C1EAF225CB34200143CB5 /* NSColor+hex.m */,
				677C1EBD225CDE5500143CB5 /* NSImage+addition.h */,
				677C1EBE225CDE5500143CB5 /* NSImage+addition.m */,
				677C1ED1225DD19800143CB5 /* StarView.h */,
				677C1ED2225DD19800143CB5 /* StarView.m */,
			);
			path = Sundial;
			sourceTree = "<group>";
		};
		BC6B62F81FBA94E0002AD625 /* Example */ = {
			isa = PBXGroup;
			children = (
				671151AA22560D4E0093712D /* j05457zkium.m701.mp4 */,
				BC8486211FBD65EF0023ED62 /* example.png */,
				BC6B62F91FBA94E0002AD625 /* AppDelegate.h */,
				BC6B62FA1FBA94E0002AD625 /* AppDelegate.m */,
				BC6B62FC1FBA94E0002AD625 /* ViewController.h */,
				BC6B62FD1FBA94E0002AD625 /* ViewController.m */,
				BC6B62FF1FBA94E0002AD625 /* Assets.xcassets */,
				BC6B63011FBA94E0002AD625 /* Main.storyboard */,
				BC6B63041FBA94E0002AD625 /* Info.plist */,
				BC6B63051FBA94E0002AD625 /* main.m */,
				BC6B63071FBA94E0002AD625 /* Example.entitlements */,
			);
			path = Example;
			sourceTree = "<group>";
		};
		BC6B63161FBB0994002AD625 /* Frameworks */ = {
			isa = PBXGroup;
			children = (
				BC6B63191FBB09BE002AD625 /* Quartz.framework */,
				BC6B63171FBB0994002AD625 /* ScreenSaver.framework */,
			);
			name = Frameworks;
			sourceTree = "<group>";
		};
/* End PBXGroup section */

/* Begin PBXHeadersBuildPhase section */
		BC6B62AA1FB9BFD5002AD625 /* Headers */ = {
			isa = PBXHeadersBuildPhase;
			buildActionMask = 2147483647;
			files = (
				677C1EBF225CDE5500143CB5 /* NSImage+addition.h in Headers */,
				677C1ECB225DC0BE00143CB5 /* Configuration.h in Headers */,
				677C1ED0225DC20100143CB5 /* Preferences.h in Headers */,
				BC6B631D1FBB0B61002AD625 /* Sundial.h in Headers */,
				677C1EB0225CB34200143CB5 /* NSColor+hex.h in Headers */,
				677C1ED3225DD19800143CB5 /* StarView.h in Headers */,
				BC6B63141FBAF302002AD625 /* NSBezierPath+quartz.h in Headers */,
				BC6B630D1FBAA5E0002AD625 /* DialView.h in Headers */,
			);
			runOnlyForDeploymentPostprocessing = 0;
		};
/* End PBXHeadersBuildPhase section */

/* Begin PBXNativeTarget section */
		BC6B62AC1FB9BFD5002AD625 /* Sundial */ = {
			isa = PBXNativeTarget;
			buildConfigurationList = BC6B62B71FB9BFD5002AD625 /* Build configuration list for PBXNativeTarget "Sundial" */;
			buildPhases = (
				BC6B62A81FB9BFD5002AD625 /* Sources */,
				BC6B62A91FB9BFD5002AD625 /* Frameworks */,
				BC6B62AA1FB9BFD5002AD625 /* Headers */,
				BC6B62AB1FB9BFD5002AD625 /* Resources */,
				BC6B630F1FBAADD6002AD625 /* ShellScript */,
			);
			buildRules = (
			);
			dependencies = (
			);
			name = Sundial;
			productName = Clock;
			productReference = BC6B62AD1FB9BFD5002AD625 /* Sundial.saver */;
			productType = "com.apple.product-type.bundle";
		};
		BC6B62F61FBA94E0002AD625 /* Example */ = {
			isa = PBXNativeTarget;
			buildConfigurationList = BC6B63081FBA94E0002AD625 /* Build configuration list for PBXNativeTarget "Example" */;
			buildPhases = (
				BC6B62F31FBA94E0002AD625 /* Sources */,
				BC6B62F41FBA94E0002AD625 /* Frameworks */,
				BC6B62F51FBA94E0002AD625 /* Resources */,
			);
			buildRules = (
			);
			dependencies = (
				BC6B631C1FBB0A21002AD625 /* PBXTargetDependency */,
			);
			name = Example;
			productName = Example;
			productReference = BC6B62F71FBA94E0002AD625 /* Example.app */;
			productType = "com.apple.product-type.application";
		};
/* End PBXNativeTarget section */

/* Begin PBXProject section */
		BC6B62A41FB9BFD5002AD625 /* Project object */ = {
			isa = PBXProject;
			attributes = {
				LastUpgradeCheck = 0910;
				ORGANIZATIONNAME = wangweicheng;
				TargetAttributes = {
					BC6B62AC1FB9BFD5002AD625 = {
						CreatedOnToolsVersion = 9.1;
						ProvisioningStyle = Automatic;
					};
					BC6B62F61FBA94E0002AD625 = {
						CreatedOnToolsVersion = 9.1;
						ProvisioningStyle = Automatic;
					};
				};
			};
			buildConfigurationList = BC6B62A71FB9BFD5002AD625 /* Build configuration list for PBXProject "Sundial" */;
			compatibilityVersion = "Xcode 8.0";
			developmentRegion = en;
			hasScannedForEncodings = 0;
			knownRegions = (
				en,
				Base,
			);
			mainGroup = BC6B62A31FB9BFD5002AD625;
			productRefGroup = BC6B62AE1FB9BFD5002AD625 /* Products */;
			projectDirPath = "";
			projectRoot = "";
			targets = (
				BC6B62AC1FB9BFD5002AD625 /* Sundial */,
				BC6B62F61FBA94E0002AD625 /* Example */,
			);
		};
/* End PBXProject section */

/* Begin PBXResourcesBuildPhase section */
		BC6B62AB1FB9BFD5002AD625 /* Resources */ = {
			isa = PBXResourcesBuildPhase;
			buildActionMask = 2147483647;
			files = (
				67F48F0B225E2977006C683E /* spark_cyan.png in Resources */,
				67F48F0A225E2977006C683E /* spark_blue.png in Resources */,
				67F48F0C225E2977006C683E /* spark_magenta.png in Resources */,
				67F48F06225E2977006C683E /* star.png in Resources */,
				67F48F10225E2977006C683E /* bgAnimationStar1.png in Resources */,
				67F48F08225E2977006C683E /* TwinkleImage.png in Resources */,
				67F48F0E225E2977006C683E /* cycle1.png in Resources */,
				67F48F0D225E2977006C683E /* spark_yellow.png in Resources */,
				67F48F11225E2977006C683E /* spark.png in Resources */,
				677C1EC7225DB62800143CB5 /* Info.plist in Resources */,
				67F48F09225E2977006C683E /* bgAnimationStar.png in Resources */,
				67F48F0F225E2977006C683E /* spark_green.png in Resources */,
				67F48F07225E2977006C683E /* spark_red.png in Resources */,
				67F48F13225EFDFC006C683E /* FZXZTFW.TTF in Resources */,
			);
			runOnlyForDeploymentPostprocessing = 0;
		};
		BC6B62F51FBA94E0002AD625 /* Resources */ = {
			isa = PBXResourcesBuildPhase;
			buildActionMask = 2147483647;
			files = (
				BC8486221FBD65EF0023ED62 /* example.png in Resources */,
				671151AC22560D4E0093712D /* j05457zkium.m701.mp4 in Resources */,
				BC6B63001FBA94E0002AD625 /* Assets.xcassets in Resources */,
				BC6B63031FBA94E0002AD625 /* Main.storyboard in Resources */,
			);
			runOnlyForDeploymentPostprocessing = 0;
		};
/* End PBXResourcesBuildPhase section */

/* Begin PBXShellScriptBuildPhase section */
		BC6B630F1FBAADD6002AD625 /* ShellScript */ = {
			isa = PBXShellScriptBuildPhase;
			buildActionMask = 2147483647;
			files = (
			);
			inputPaths = (
			);
			outputPaths = (
			);
			runOnlyForDeploymentPostprocessing = 0;
			shellPath = /bin/sh;
			shellScript = "SCREEN_SAVER_PATH=\"${HOME}/Library/Screen Savers/${FULL_PRODUCT_NAME}\"\necho SCREEN_SAVER_PATH\nif [[ -d \"${SCREEN_SAVER_PATH}\" || -f \"${SCREEN_SAVER_PATH}\" || -L \"${SCREEN_SAVER_PATH}\" ]]; then\nrm -rf \"${SCREEN_SAVER_PATH}\"\nfi\nln -s \"${BUILT_PRODUCTS_DIR}/${FULL_PRODUCT_NAME}\" \"${SCREEN_SAVER_PATH}\"\n";
		};
/* End PBXShellScriptBuildPhase section */

/* Begin PBXSourcesBuildPhase section */
		BC6B62A81FB9BFD5002AD625 /* Sources */ = {
			isa = PBXSourcesBuildPhase;
			buildActionMask = 2147483647;
			files = (
				677C1EC0225CDE5500143CB5 /* NSImage+addition.m in Sources */,
				BC6B62F01FB9C2D7002AD625 /* Sundial.m in Sources */,
				677C1ED4225DD19800143CB5 /* StarView.m in Sources */,
				BC6B63151FBAF302002AD625 /* NSBezierPath+quartz.m in Sources */,
				677C1ECE225DC1FD00143CB5 /* Preferences.m in Sources */,
				677C1EB1225CB34200143CB5 /* NSColor+hex.m in Sources */,
				677C1ECC225DC0C100143CB5 /* Configuration.m in Sources */,
				BC6B630E1FBAA5E0002AD625 /* DialView.m in Sources */,
			);
			runOnlyForDeploymentPostprocessing = 0;
		};
		BC6B62F31FBA94E0002AD625 /* Sources */ = {
			isa = PBXSourcesBuildPhase;
			buildActionMask = 2147483647;
			files = (
				BC6B632B1FBB4E3E002AD625 /* Sundial.m in Sources */,
				677C1ECD225DC0C200143CB5 /* Configuration.m in Sources */,
				677C1EB3225CB9E300143CB5 /* NSColor+hex.m in Sources */,
				677C1ED5225DD70900143CB5 /* StarView.m in Sources */,
				BC6B63251FBB2EB3002AD625 /* DialView.m in Sources */,
				677C1ECF225DC1FE00143CB5 /* Preferences.m in Sources */,
				BC6B62FE1FBA94E0002AD625 /* ViewController.m in Sources */,
				BC6B63061FBA94E0002AD625 /* main.m in Sources */,
				BC6B62FB1FBA94E0002AD625 /* AppDelegate.m in Sources */,
				677C1EC1225CDF0F00143CB5 /* NSImage+addition.m in Sources */,
				6711519A2255D0870093712D /* NSBezierPath+quartz.m in Sources */,
			);
			runOnlyForDeploymentPostprocessing = 0;
		};
/* End PBXSourcesBuildPhase section */

/* Begin PBXTargetDependency section */
		BC6B631C1FBB0A21002AD625 /* PBXTargetDependency */ = {
			isa = PBXTargetDependency;
			target = BC6B62AC1FB9BFD5002AD625 /* Sundial */;
			targetProxy = BC6B631B1FBB0A21002AD625 /* PBXContainerItemProxy */;
		};
/* End PBXTargetDependency section */

/* Begin PBXVariantGroup section */
		BC6B63011FBA94E0002AD625 /* Main.storyboard */ = {
			isa = PBXVariantGroup;
			children = (
				BC6B63021FBA94E0002AD625 /* Base */,
			);
			name = Main.storyboard;
			sourceTree = "<group>";
		};
/* End PBXVariantGroup section */

/* Begin XCBuildConfiguration section */
		BC6B62B51FB9BFD5002AD625 /* Debug */ = {
			isa = XCBuildConfiguration;
			buildSettings = {
				ALWAYS_SEARCH_USER_PATHS = NO;
				CLANG_ANALYZER_NONNULL = YES;
				CLANG_ANALYZER_NUMBER_OBJECT_CONVERSION = YES_AGGRESSIVE;
				CLANG_CXX_LANGUAGE_STANDARD = "gnu++14";
				CLANG_CXX_LIBRARY = "libc++";
				CLANG_ENABLE_MODULES = YES;
				CLANG_ENABLE_OBJC_ARC = YES;
				CLANG_WARN_BLOCK_CAPTURE_AUTORELEASING = YES;
				CLANG_WARN_BOOL_CONVERSION = YES;
				CLANG_WARN_COMMA = YES;
				CLANG_WARN_CONSTANT_CONVERSION = YES;
				CLANG_WARN_DIRECT_OBJC_ISA_USAGE = YES_ERROR;
				CLANG_WARN_DOCUMENTATION_COMMENTS = YES;
				CLANG_WARN_EMPTY_BODY = YES;
				CLANG_WARN_ENUM_CONVERSION = YES;
				CLANG_WARN_INFINITE_RECURSION = YES;
				CLANG_WARN_INT_CONVERSION = YES;
				CLANG_WARN_NON_LITERAL_NULL_CONVERSION = YES;
				CLANG_WARN_OBJC_LITERAL_CONVERSION = YES;
				CLANG_WARN_OBJC_ROOT_CLASS = YES_ERROR;
				CLANG_WARN_RANGE_LOOP_ANALYSIS = YES;
				CLANG_WARN_STRICT_PROTOTYPES = YES;
				CLANG_WARN_SUSPICIOUS_MOVE = YES;
				CLANG_WARN_UNGUARDED_AVAILABILITY = YES_AGGRESSIVE;
				CLANG_WARN_UNREACHABLE_CODE = YES;
				CLANG_WARN__DUPLICATE_METHOD_MATCH = YES;
				CODE_SIGN_IDENTITY = "-";
				COPY_PHASE_STRIP = NO;
				DEBUG_INFORMATION_FORMAT = dwarf;
				ENABLE_STRICT_OBJC_MSGSEND = YES;
				ENABLE_TESTABILITY = YES;
				GCC_C_LANGUAGE_STANDARD = gnu11;
				GCC_DYNAMIC_NO_PIC = NO;
				GCC_NO_COMMON_BLOCKS = YES;
				GCC_OPTIMIZATION_LEVEL = 0;
				GCC_PREPROCESSOR_DEFINITIONS = (
					"DEBUG=1",
					"$(inherited)",
				);
				GCC_WARN_64_TO_32_BIT_CONVERSION = YES;
				GCC_WARN_ABOUT_RETURN_TYPE = YES_ERROR;
				GCC_WARN_UNDECLARED_SELECTOR = YES;
				GCC_WARN_UNINITIALIZED_AUTOS = YES_AGGRESSIVE;
				GCC_WARN_UNUSED_FUNCTION = YES;
				GCC_WARN_UNUSED_VARIABLE = YES;
				MACOSX_DEPLOYMENT_TARGET = 10.12;
				MTL_ENABLE_DEBUG_INFO = YES;
				ONLY_ACTIVE_ARCH = YES;
				SDKROOT = macosx;
			};
			name = Debug;
		};
		BC6B62B61FB9BFD5002AD625 /* Release */ = {
			isa = XCBuildConfiguration;
			buildSettings = {
				ALWAYS_SEARCH_USER_PATHS = NO;
				CLANG_ANALYZER_NONNULL = YES;
				CLANG_ANALYZER_NUMBER_OBJECT_CONVERSION = YES_AGGRESSIVE;
				CLANG_CXX_LANGUAGE_STANDARD = "gnu++14";
				CLANG_CXX_LIBRARY = "libc++";
				CLANG_ENABLE_MODULES = YES;
				CLANG_ENABLE_OBJC_ARC = YES;
				CLANG_WARN_BLOCK_CAPTURE_AUTORELEASING = YES;
				CLANG_WARN_BOOL_CONVERSION = YES;
				CLANG_WARN_COMMA = YES;
				CLANG_WARN_CONSTANT_CONVERSION = YES;
				CLANG_WARN_DIRECT_OBJC_ISA_USAGE = YES_ERROR;
				CLANG_WARN_DOCUMENTATION_COMMENTS = YES;
				CLANG_WARN_EMPTY_BODY = YES;
				CLANG_WARN_ENUM_CONVERSION = YES;
				CLANG_WARN_INFINITE_RECURSION = YES;
				CLANG_WARN_INT_CONVERSION = YES;
				CLANG_WARN_NON_LITERAL_NULL_CONVERSION = YES;
				CLANG_WARN_OBJC_LITERAL_CONVERSION = YES;
				CLANG_WARN_OBJC_ROOT_CLASS = YES_ERROR;
				CLANG_WARN_RANGE_LOOP_ANALYSIS = YES;
				CLANG_WARN_STRICT_PROTOTYPES = YES;
				CLANG_WARN_SUSPICIOUS_MOVE = YES;
				CLANG_WARN_UNGUARDED_AVAILABILITY = YES_AGGRESSIVE;
				CLANG_WARN_UNREACHABLE_CODE = YES;
				CLANG_WARN__DUPLICATE_METHOD_MATCH = YES;
				CODE_SIGN_IDENTITY = "-";
				COPY_PHASE_STRIP = NO;
				DEBUG_INFORMATION_FORMAT = "dwarf-with-dsym";
				ENABLE_NS_ASSERTIONS = NO;
				ENABLE_STRICT_OBJC_MSGSEND = YES;
				GCC_C_LANGUAGE_STANDARD = gnu11;
				GCC_NO_COMMON_BLOCKS = YES;
				GCC_WARN_64_TO_32_BIT_CONVERSION = YES;
				GCC_WARN_ABOUT_RETURN_TYPE = YES_ERROR;
				GCC_WARN_UNDECLARED_SELECTOR = YES;
				GCC_WARN_UNINITIALIZED_AUTOS = YES_AGGRESSIVE;
				GCC_WARN_UNUSED_FUNCTION = YES;
				GCC_WARN_UNUSED_VARIABLE = YES;
				MACOSX_DEPLOYMENT_TARGET = 10.12;
				MTL_ENABLE_DEBUG_INFO = NO;
				SDKROOT = macosx;
			};
			name = Release;
		};
		BC6B62B81FB9BFD5002AD625 /* Debug */ = {
			isa = XCBuildConfiguration;
			buildSettings = {
				ARCHS = "$(ARCHS_STANDARD)";
				CODE_SIGN_IDENTITY = "Mac Developer";
				CODE_SIGN_STYLE = Automatic;
				COMBINE_HIDPI_IMAGES = YES;
				DEVELOPMENT_TEAM = 3B89Q3LKCK;
				INFOPLIST_FILE = Sundial/Info.plist;
				INSTALL_PATH = "$(HOME)/Library/Screen Savers";
				MACOSX_DEPLOYMENT_TARGET = 10.12;
				ONLY_ACTIVE_ARCH = YES;
				OTHER_LDFLAGS = "";
				PRODUCT_BUNDLE_IDENTIFIER = com.sundial.weicheng;
				PRODUCT_NAME = "$(TARGET_NAME)";
				PROVISIONING_PROFILE_SPECIFIER = "";
				WRAPPER_EXTENSION = saver;
			};
			name = Debug;
		};
		BC6B62B91FB9BFD5002AD625 /* Release */ = {
			isa = XCBuildConfiguration;
			buildSettings = {
				ARCHS = "$(ARCHS_STANDARD)";
				CODE_SIGN_IDENTITY = "Mac Developer";
				CODE_SIGN_STYLE = Automatic;
				COMBINE_HIDPI_IMAGES = YES;
				DEVELOPMENT_TEAM = 3B89Q3LKCK;
				INFOPLIST_FILE = Sundial/Info.plist;
				INSTALL_PATH = "$(HOME)/Library/Screen Savers";
				MACOSX_DEPLOYMENT_TARGET = 10.12;
				OTHER_LDFLAGS = "";
				PRODUCT_BUNDLE_IDENTIFIER = com.sundial.weicheng;
				PRODUCT_NAME = "$(TARGET_NAME)";
				PROVISIONING_PROFILE_SPECIFIER = "";
				WRAPPER_EXTENSION = saver;
			};
			name = Release;
		};
		BC6B63091FBA94E0002AD625 /* Debug */ = {
			isa = XCBuildConfiguration;
			buildSettings = {
				ARCHS = "$(ARCHS_STANDARD)";
				ASSETCATALOG_COMPILER_APPICON_NAME = AppIcon;
				CODE_SIGN_ENTITLEMENTS = Example/Example.entitlements;
				CODE_SIGN_STYLE = Automatic;
				COMBINE_HIDPI_IMAGES = YES;
				INFOPLIST_FILE = Example/Info.plist;
				LD_RUNPATH_SEARCH_PATHS = "$(inherited) @executable_path/../Frameworks";
				PRODUCT_BUNDLE_IDENTIFIER = PW.Example;
				PRODUCT_NAME = "$(TARGET_NAME)";
			};
			name = Debug;
		};
		BC6B630A1FBA94E0002AD625 /* Release */ = {
			isa = XCBuildConfiguration;
			buildSettings = {
				ARCHS = "$(ARCHS_STANDARD)";
				ASSETCATALOG_COMPILER_APPICON_NAME = AppIcon;
				CODE_SIGN_ENTITLEMENTS = Example/Example.entitlements;
				CODE_SIGN_STYLE = Automatic;
				COMBINE_HIDPI_IMAGES = YES;
				INFOPLIST_FILE = Example/Info.plist;
				LD_RUNPATH_SEARCH_PATHS = "$(inherited) @executable_path/../Frameworks";
				PRODUCT_BUNDLE_IDENTIFIER = PW.Example;
				PRODUCT_NAME = "$(TARGET_NAME)";
			};
			name = Release;
		};
/* End XCBuildConfiguration section */

/* Begin XCConfigurationList section */
		BC6B62A71FB9BFD5002AD625 /* Build configuration list for PBXProject "Sundial" */ = {
			isa = XCConfigurationList;
			buildConfigurations = (
				BC6B62B51FB9BFD5002AD625 /* Debug */,
				BC6B62B61FB9BFD5002AD625 /* Release */,
			);
			defaultConfigurationIsVisible = 0;
			defaultConfigurationName = Release;
		};
		BC6B62B71FB9BFD5002AD625 /* Build configuration list for PBXNativeTarget "Sundial" */ = {
			isa = XCConfigurationList;
			buildConfigurations = (
				BC6B62B81FB9BFD5002AD625 /* Debug */,
				BC6B62B91FB9BFD5002AD625 /* Release */,
			);
			defaultConfigurationIsVisible = 0;
			defaultConfigurationName = Release;
		};
		BC6B63081FBA94E0002AD625 /* Build configuration list for PBXNativeTarget "Example" */ = {
			isa = XCConfigurationList;
			buildConfigurations = (
				BC6B63091FBA94E0002AD625 /* Debug */,
				BC6B630A1FBA94E0002AD625 /* Release */,
			);
			defaultConfigurationIsVisible = 0;
			defaultConfigurationName = Release;
		};
/* End XCConfigurationList section */
	};
	rootObject = BC6B62A41FB9BFD5002AD625 /* Project object */;
}
